Microsoft Visual Studio Solution File, Format Version 12.00
# Visual Studio Version 16
VisualStudioVersion = 16.0.0.0
MinimumVisualStudioVersion = 16.0.0.0
Project("{9A19103F-16F7-4668-BE54-9A1E7A4F7556}") = "RegistrosTarea6.Server", "Server\RegistrosTarea6.Server.csproj", "{52F98FC4-BC88-4584-8C5F-868BB45F163E}"
EndProject
Project("{9A19103F-16F7-4668-BE54-9A1E7A4F7556}") = "RegistrosTarea6.Client", "Client\RegistrosTarea6.Client.csproj", "{4D20905F-E121-4C3E-A049-1A06345BD6F3}"
EndProject
Project("{9A19103F-16F7-4668-BE54-9A1E7A4F7556}") = "RegistrosTarea6.Shared", "Shared\RegistrosTarea6.Shared.csproj", "{215D123B-CDF9-4AC1-9EC1-7F65B06815AD}"
EndProject
Global
	GlobalSection(SolutionConfigurationPlatforms) = preSolution
		Debug|Any CPU = Debug|Any CPU
		Debug|x64 = Debug|x64
		Debug|x86 = Debug|x86
		Release|Any CPU = Release|Any CPU
		Release|x64 = Release|x64
		Release|x86 = Release|x86
	EndGlobalSection
	GlobalSection(ProjectConfigurationPlatforms) = postSolution
		{4D20905F-E121-4C3E-A049-1A06345BD6F3}.Debug|Any CPU.ActiveCfg = Debug|Any CPU
		{4D20905F-E121-4C3E-A049-1A06345BD6F3}.Debug|Any CPU.Build.0 = Debug|Any CPU
		{4D20905F-E121-4C3E-A049-1A06345BD6F3}.Debug|x64.ActiveCfg = Debug|Any CPU
		{4D20905F-E121-4C3E-A049-1A06345BD6F3}.Debug|x64.Build.0 = Debug|Any CPU
		{4D20905F-E121-4C3E-A049-1A06345BD6F3}.Debug|x86.ActiveCfg = Debug|Any CPU
		{4D20905F-E121-4C3E-A049-1A06345BD6F3}.Debug|x86.Build.0 = Debug|Any CPU
		{4D20905F-E121-4C3E-A049-1A06345BD6F3}.Release|Any CPU.ActiveCfg = Release|Any CPU
		{4D20905F-E121-4C3E-A049-1A06345BD6F3}.Release|Any CPU.Build.0 = Release|Any CPU
		{4D20905F-E121-4C3E-A049-1A06345BD6F3}.Release|x64.ActiveCfg = Release|Any CPU
		{4D20905F-E121-4C3E-A049-1A06345BD6F3}.Release|x64.Build.0 = Release|Any CPU
		{4D20905F-E121-4C3E-A049-1A06345BD6F3}.Release|x86.ActiveCfg = Release|Any CPU
		{4D20905F-E121-4C3E-A049-1A06345BD6F3}.Release|x86.Build.0 = Release|Any CPU
		{52F98FC4-BC88-4584-8C5F-868BB45F163E}.Debug|Any CPU.ActiveCfg = Debug|Any CPU
		{52F98FC4-BC88-4584-8C5F-868BB45F163E}.Debug|Any CPU.Build.0 = Debug|Any CPU
		{52F98FC4-BC88-4584-8C5F-868BB45F163E}.Debug|x64.ActiveCfg = Debug|Any CPU
		{52F98FC4-BC88-4584-8C5F-868BB45F163E}.Debug|x64.Build.0 = Debug|Any CPU
		{52F98FC4-BC88-4584-8C5F-868BB45F163E}.Debug|x86.ActiveCfg = Debug|Any CPU
		{52F98FC4-BC88-4584-8C5F-868BB45F163E}.Debug|x86.Build.0 = Debug|Any CPU
		{52F98FC4-BC88-4584-8C5F-868BB45F163E}.Release|Any CPU.ActiveCfg = Release|Any CPU
		{52F98FC4-BC88-4584-8C5F-868BB45F163E}.Release|Any CPU.Build.0 = Release|Any CPU
		{52F98FC4-BC88-4584-8C5F-868BB45F163E}.Release|x64.ActiveCfg = Release|Any CPU
		{52F98FC4-BC88-4584-8C5F-868BB45F163E}.Release|x64.Build.0 = Release|Any CPU
		{52F98FC4-BC88-4584-8C5F-868BB45F163E}.Release|x86.ActiveCfg = Release|Any CPU
		{52F98FC4-BC88-4584-8C5F-868BB45F163E}.Release|x86.Build.0 = Release|Any CPU
		{215D123B-CDF9-4AC1-9EC1-7F65B06815AD}.Debug|Any CPU.ActiveCfg = Debug|Any CPU
		{215D123B-CDF9-4AC1-9EC1-7F65B06815AD}.Debug|Any CPU.Build.0 = Debug|Any CPU
		{215D123B-CDF9-4AC1-9EC1-7F65B06815AD}.Debug|x64.ActiveCfg = Debug|Any CPU
		{215D123B-CDF9-4AC1-9EC1-7F65B06815AD}.Debug|x64.Build.0 = Debug|Any CPU
		{215D123B-CDF9-4AC1-9EC1-7F65B06815AD}.Debug|x86.ActiveCfg = Debug|Any CPU
		{215D123B-CDF9-4AC1-9EC1-7F65B06815AD}.Debug|x86.Build.0 = Debug|Any CPU
		{215D123B-CDF9-4AC1-9EC1-7F65B06815AD}.Release|Any CPU.ActiveCfg = Release|Any CPU
		{215D123B-CDF9-4AC1-9EC1-7F65B06815AD}.Release|Any CPU.Build.0 = Release|Any CPU
		{215D123B-CDF9-4AC1-9EC1-7F65B06815AD}.Release|x64.ActiveCfg = Release|Any CPU
		{215D123B-CDF9-4AC1-9EC1-7F65B06815AD}.Release|x64.Build.0 = Release|Any CPU
		{215D123B-CDF9-4AC1-9EC1-7F65B06815AD}.Release|x86.ActiveCfg = Release|Any CPU
		{215D123B-CDF9-4AC1-9EC1-7F65B06815AD}.Release|x86.Build.0 = Release|Any CPU
	EndGlobalSection
	GlobalSection(SolutionProperties) = preSolution
		HideSolutionNode = FALSE
	EndGlobalSection
	GlobalSection(ExtensibilityGlobals) = postSolution
		SolutionGuid = {5AC11C16-B041-4243-9A41-2DC94CBC603A}
	EndGlobalSection
EndGlobal